{
  "R": {
    "Version": "4.0.3",
    "Repositories": [
      {
        "Name": "CRAN",
        "URL": "http://cran.rstudio.com"
      },
      {
        "Name": "yihui",
        "URL": "https://yihui.r-universe.dev"
      }
    ]
  },
  "Packages": {
    "renv": {
      "Package": "renv",
      "Version": "0.12.5-27",
      "Source": "GitHub",
      "RemoteType": "github",
      "RemoteHost": "api.github.com",
      "RemoteRepo": "renv",
      "RemoteUsername": "rstudio",
      "RemoteRef": "HEAD",
      "RemoteSha": "5b8eb366c56358dca036783a8517ccb26acdb6a3",
      "Hash": "2858559ed0e3d823130890dc449581ab"
    }
  }
}
